{
  "version": 4,
  "terraform_version": "1.12.1",
  "serial": 150,
  "lineage": "7984a769-5329-80df-9718-7a09a588bffb",
  "outputs": {
    "artifact_registry_repo": {
      "value": "devops-demo",
      "type": "string"
    },
    "gke_cluster_name": {
      "value": "private-gke-cluster-ak",
      "type": "string"
    },
    "management_vm_private_ip": {
      "value": "10.55.1.2",
      "type": "string"
    }
  },
  "resources": [
    {
      "mode": "data",
      "type": "google_compute_network",
      "name": "lab2_vpc",
      "provider": "provider[\"registry.terraform.io/hashicorp/google\"]",
      "instances": [
        {
          "schema_version": 0,
          "attributes": {
            "description": "",
            "gateway_ipv4": "",
            "id": "projects/elated-bus-460108-d0/global/networks/lab2-vpc",
            "internal_ipv6_range": "",
            "name": "lab2-vpc",
            "project": null,
            "self_link": "https://www.googleapis.com/compute/v1/projects/elated-bus-460108-d0/global/networks/lab2-vpc",
            "subnetworks_self_links": [
              "https://www.googleapis.com/compute/v1/projects/elated-bus-460108-d0/regions/southamerica-west1/subnetworks/shahd-subnet-public",
              "https://www.googleapis.com/compute/v1/projects/elated-bus-460108-d0/regions/europe-west1/subnetworks/lab2-vpc",
              "https://www.googleapis.com/compute/v1/projects/elated-bus-460108-d0/regions/africa-south1/subnetworks/toka-public-subnet",
              "https://www.googleapis.com/compute/v1/projects/elated-bus-460108-d0/regions/me-central1/subnetworks/lab2-vpc",
              "https://www.googleapis.com/compute/v1/projects/elated-bus-460108-d0/regions/asia-southeast1/subnetworks/lab2-vpc",
              "https://www.googleapis.com/compute/v1/projects/elated-bus-460108-d0/regions/europe-southwest1/subnetworks/lab2-vpc",
              "https://www.googleapis.com/compute/v1/projects/elated-bus-460108-d0/regions/europe-west2/subnetworks/lab2-vpc",
              "https://www.googleapis.com/compute/v1/projects/elated-bus-460108-d0/regions/asia-east1/subnetworks/lab2-vpc",
              "https://www.googleapis.com/compute/v1/projects/elated-bus-460108-d0/regions/asia-south1/subnetworks/lab2-vpc",
              "https://www.googleapis.com/compute/v1/projects/elated-bus-460108-d0/regions/us-central1/subnetworks/restricted-subnet-ak",
              "https://www.googleapis.com/compute/v1/projects/elated-bus-460108-d0/regions/europe-west6/subnetworks/lab2-vpc",
              "https://www.googleapis.com/compute/v1/projects/elated-bus-460108-d0/regions/us-east1/subnetworks/lab2-vpc",
              "https://www.googleapis.com/compute/v1/projects/elated-bus-460108-d0/regions/europe-west9/subnetworks/lab2-vpc",
              "https://www.googleapis.com/compute/v1/projects/elated-bus-460108-d0/regions/us-west4/subnetworks/lab2-vpc",
              "https://www.googleapis.com/compute/v1/projects/elated-bus-460108-d0/regions/southamerica-west1/subnetworks/lab2-vpc",
              "https://www.googleapis.com/compute/v1/projects/elated-bus-460108-d0/regions/asia-southeast2/subnetworks/lab2-vpc",
              "https://www.googleapis.com/compute/v1/projects/elated-bus-460108-d0/regions/us-east1/subnetworks/mamoun-private-subnet",
              "https://www.googleapis.com/compute/v1/projects/elated-bus-460108-d0/regions/us-west3/subnetworks/lab2-vpc",
              "https://www.googleapis.com/compute/v1/projects/elated-bus-460108-d0/regions/us-west1/subnetworks/lab2-vpc",
              "https://www.googleapis.com/compute/v1/projects/elated-bus-460108-d0/regions/me-central1/subnetworks/ak-lb",
              "https://www.googleapis.com/compute/v1/projects/elated-bus-460108-d0/regions/australia-southeast1/subnetworks/lab2-vpc",
              "https://www.googleapis.com/compute/v1/projects/elated-bus-460108-d0/regions/us-east5/subnetworks/lab2-vpc",
              "https://www.googleapis.com/compute/v1/projects/elated-bus-460108-d0/regions/us-east1/subnetworks/moaaz-subnet-2",
              "https://www.googleapis.com/compute/v1/projects/elated-bus-460108-d0/regions/asia-northeast2/subnetworks/lab2-vpc",
              "https://www.googleapis.com/compute/v1/projects/elated-bus-460108-d0/regions/europe-north1/subnetworks/lab2-vpc",
              "https://www.googleapis.com/compute/v1/projects/elated-bus-460108-d0/regions/us-east4/subnetworks/lab2-vpc",
              "https://www.googleapis.com/compute/v1/projects/elated-bus-460108-d0/regions/asia-southeast1/subnetworks/nayra-management-subnet",
              "https://www.googleapis.com/compute/v1/projects/elated-bus-460108-d0/regions/europe-west4/subnetworks/lab2-vpc",
              "https://www.googleapis.com/compute/v1/projects/elated-bus-460108-d0/regions/africa-south1/subnetworks/mohaned-lab2-private-subnet",
              "https://www.googleapis.com/compute/v1/projects/elated-bus-460108-d0/regions/asia-southeast1/subnetworks/nayra-restricted-subnet",
              "https://www.googleapis.com/compute/v1/projects/elated-bus-460108-d0/regions/africa-south1/subnetworks/lab2-vpc",
              "https://www.googleapis.com/compute/v1/projects/elated-bus-460108-d0/regions/europe-central2/subnetworks/lab2-vpc",
              "https://www.googleapis.com/compute/v1/projects/elated-bus-460108-d0/regions/europe-west12/subnetworks/lab2-vpc",
              "https://www.googleapis.com/compute/v1/projects/elated-bus-460108-d0/regions/us-south1/subnetworks/lab2-vpc",
              "https://www.googleapis.com/compute/v1/projects/elated-bus-460108-d0/regions/europe-north2/subnetworks/lab2-vpc",
              "https://www.googleapis.com/compute/v1/projects/elated-bus-460108-d0/regions/us-central1/subnetworks/management-subnet-ak",
              "https://www.googleapis.com/compute/v1/projects/elated-bus-460108-d0/regions/northamerica-south1/subnetworks/lab2-vpc",
              "https://www.googleapis.com/compute/v1/projects/elated-bus-460108-d0/regions/asia-northeast1/subnetworks/lab2-vpc",
              "https://www.googleapis.com/compute/v1/projects/elated-bus-460108-d0/regions/us-central1/subnetworks/moaaz-subnet-1",
              "https://www.googleapis.com/compute/v1/projects/elated-bus-460108-d0/regions/australia-southeast2/subnetworks/lab2-vpc",
              "https://www.googleapis.com/compute/v1/projects/elated-bus-460108-d0/regions/europe-west3/subnetworks/lab2-vpc",
              "https://www.googleapis.com/compute/v1/projects/elated-bus-460108-d0/regions/southamerica-east1/subnetworks/lab2-vpc",
              "https://www.googleapis.com/compute/v1/projects/elated-bus-460108-d0/regions/us-west2/subnetworks/lab2-vpc",
              "https://www.googleapis.com/compute/v1/projects/elated-bus-460108-d0/regions/europe-west10/subnetworks/lab2-vpc",
              "https://www.googleapis.com/compute/v1/projects/elated-bus-460108-d0/regions/northamerica-northeast1/subnetworks/philopater-subnet",
              "https://www.googleapis.com/compute/v1/projects/elated-bus-460108-d0/regions/asia-southeast1/subnetworks/gke-nayra-private-gke-cluster-aecb9eb5-pe-subnet",
              "https://www.googleapis.com/compute/v1/projects/elated-bus-460108-d0/regions/us-central1/subnetworks/gke-private-gke-cluster-ak-0f214b7a-pe-subnet",
              "https://www.googleapis.com/compute/v1/projects/elated-bus-460108-d0/regions/asia-south2/subnetworks/lab2-vpc",
              "https://www.googleapis.com/compute/v1/projects/elated-bus-460108-d0/regions/asia-east2/subnetworks/lab2-vpc",
              "https://www.googleapis.com/compute/v1/projects/elated-bus-460108-d0/regions/northamerica-northeast2/subnetworks/lab2-vpc",
              "https://www.googleapis.com/compute/v1/projects/elated-bus-460108-d0/regions/asia-northeast3/subnetworks/lab2-vpc",
              "https://www.googleapis.com/compute/v1/projects/elated-bus-460108-d0/regions/europe-west8/subnetworks/lab2-vpc",
              "https://www.googleapis.com/compute/v1/projects/elated-bus-460108-d0/regions/africa-south1/subnetworks/mohaned-lab2-public-subnet",
              "https://www.googleapis.com/compute/v1/projects/elated-bus-460108-d0/regions/us-central1/subnetworks/lab2-vpc",
              "https://www.googleapis.com/compute/v1/projects/elated-bus-460108-d0/regions/africa-south1/subnetworks/toka-private-subnet",
              "https://www.googleapis.com/compute/v1/projects/elated-bus-460108-d0/regions/northamerica-northeast1/subnetworks/lab2-vpc",
              "https://www.googleapis.com/compute/v1/projects/elated-bus-460108-d0/regions/africa-south1/subnetworks/mohaned-proxy-subnet",
              "https://www.googleapis.com/compute/v1/projects/elated-bus-460108-d0/regions/europe-west9/subnetworks/nayra-subnet",
              "https://www.googleapis.com/compute/v1/projects/elated-bus-460108-d0/regions/me-west1/subnetworks/lab2-vpc"
            ]
          },
          "sensitive_attributes": [],
          "identity_schema_version": 0
        }
      ]
    },
    {
      "mode": "managed",
      "type": "google_artifact_registry_repository",
      "name": "repo",
      "provider": "provider[\"registry.terraform.io/hashicorp/google\"]",
      "instances": [
        {
          "schema_version": 0,
          "attributes": {
            "cleanup_policies": [],
            "cleanup_policy_dry_run": false,
            "create_time": "2025-05-25T17:09:44.086848Z",
            "description": "Docker repo",
            "docker_config": [],
            "effective_labels": {},
            "format": "DOCKER",
            "id": "projects/elated-bus-460108-d0/locations/us-central1/repositories/devops-demo",
            "kms_key_name": "",
            "labels": {},
            "location": "us-central1",
            "maven_config": [],
            "mode": "STANDARD_REPOSITORY",
            "name": "devops-demo",
            "project": "elated-bus-460108-d0",
            "remote_repository_config": [],
            "repository_id": "devops-demo",
            "terraform_labels": {},
            "timeouts": null,
            "update_time": "2025-05-25T17:09:44.086848Z",
            "virtual_repository_config": []
          },
          "sensitive_attributes": [],
          "identity_schema_version": 0,
          "private": "eyJlMmJmYjczMC1lY2FhLTExZTYtOGY4OC0zNDM2M2JjN2M0YzAiOnsiY3JlYXRlIjoxMjAwMDAwMDAwMDAwLCJkZWxldGUiOjEyMDAwMDAwMDAwMDAsInVwZGF0ZSI6MTIwMDAwMDAwMDAwMH19"
        }
      ]
    },
    {
      "mode": "managed",
      "type": "google_compute_instance",
      "name": "management_vm",
      "provider": "provider[\"registry.terraform.io/hashicorp/google\"]",
      "instances": [
        {
          "schema_version": 6,
          "attributes": {
            "advanced_machine_features": [],
            "allow_stopping_for_update": null,
            "attached_disk": [],
            "boot_disk": [
              {
                "auto_delete": true,
                "device_name": "persistent-disk-0",
                "disk_encryption_key_raw": "",
                "disk_encryption_key_sha256": "",
                "initialize_params": [
                  {
                    "enable_confidential_compute": false,
                    "image": "https://www.googleapis.com/compute/v1/projects/debian-cloud/global/images/debian-11-bullseye-v20250513",
                    "labels": {},
                    "provisioned_iops": 0,
                    "provisioned_throughput": 0,
                    "resource_manager_tags": {},
                    "size": 10,
                    "storage_pool": "",
                    "type": "pd-standard"
                  }
                ],
                "kms_key_self_link": "",
                "mode": "READ_WRITE",
                "source": "https://www.googleapis.com/compute/v1/projects/elated-bus-460108-d0/zones/us-central1-a/disks/management-vm-ak"
              }
            ],
            "can_ip_forward": false,
            "confidential_instance_config": [],
            "cpu_platform": "Intel Broadwell",
            "current_status": "RUNNING",
            "deletion_protection": false,
            "description": "",
            "desired_status": null,
            "effective_labels": {},
            "enable_display": false,
            "guest_accelerator": [],
            "hostname": "",
            "id": "projects/elated-bus-460108-d0/zones/us-central1-a/instances/management-vm-ak",
            "instance_id": "3029699242519097373",
            "label_fingerprint": "42WmSpB8rSM=",
            "labels": {},
            "machine_type": "e2-medium",
            "metadata": {},
            "metadata_fingerprint": "lQ6UXyFnshc=",
            "metadata_startup_script": "#!/bin/bash\napt-get update\napt-get install -y apt-transport-https ca-certificates curl gnupg\ncurl -fsSLo /usr/share/keyrings/cloud.google.gpg https://packages.cloud.google.com/apt/doc/apt-key.gpg\necho \"deb [signed-by=/usr/share/keyrings/cloud.google.gpg] http://apt.kubernetes.io/ kubernetes-xenial main\" | tee /etc/apt/sources.list.d/kubernetes.list\napt-get update\napt-get install -y kubectl\n",
            "min_cpu_platform": "",
            "name": "management-vm-ak",
            "network_interface": [
              {
                "access_config": [],
                "alias_ip_range": [],
                "internal_ipv6_prefix_length": 0,
                "ipv6_access_config": [],
                "ipv6_access_type": "",
                "ipv6_address": "",
                "name": "nic0",
                "network": "https://www.googleapis.com/compute/v1/projects/elated-bus-460108-d0/global/networks/lab2-vpc",
                "network_ip": "10.55.1.2",
                "nic_type": "",
                "queue_count": 0,
                "stack_type": "IPV4_ONLY",
                "subnetwork": "https://www.googleapis.com/compute/v1/projects/elated-bus-460108-d0/regions/us-central1/subnetworks/management-subnet-ak",
                "subnetwork_project": "elated-bus-460108-d0"
              }
            ],
            "network_performance_config": [],
            "params": [],
            "project": "elated-bus-460108-d0",
            "reservation_affinity": [],
            "resource_policies": [],
            "scheduling": [
              {
                "automatic_restart": true,
                "instance_termination_action": "",
                "local_ssd_recovery_timeout": [],
                "max_run_duration": [],
                "min_node_cpus": 0,
                "node_affinities": [],
                "on_host_maintenance": "MIGRATE",
                "on_instance_stop_action": [],
                "preemptible": false,
                "provisioning_model": "STANDARD"
              }
            ],
            "scratch_disk": [],
            "self_link": "https://www.googleapis.com/compute/v1/projects/elated-bus-460108-d0/zones/us-central1-a/instances/management-vm-ak",
            "service_account": [],
            "shielded_instance_config": [
              {
                "enable_integrity_monitoring": true,
                "enable_secure_boot": false,
                "enable_vtpm": true
              }
            ],
            "tags": [],
            "tags_fingerprint": "42WmSpB8rSM=",
            "terraform_labels": {},
            "timeouts": null,
            "zone": "us-central1-a"
          },
          "sensitive_attributes": [
            [
              {
                "type": "get_attr",
                "value": "boot_disk"
              },
              {
                "type": "index",
                "value": {
                  "value": 0,
                  "type": "number"
                }
              },
              {
                "type": "get_attr",
                "value": "disk_encryption_key_raw"
              }
            ]
          ],
          "identity_schema_version": 0,
          "private": "eyJlMmJmYjczMC1lY2FhLTExZTYtOGY4OC0zNDM2M2JjN2M0YzAiOnsiY3JlYXRlIjoxMjAwMDAwMDAwMDAwLCJkZWxldGUiOjEyMDAwMDAwMDAwMDAsInVwZGF0ZSI6MTIwMDAwMDAwMDAwMH0sInNjaGVtYV92ZXJzaW9uIjoiNiJ9",
          "dependencies": [
            "data.google_compute_network.lab2_vpc",
            "google_compute_subnetwork.management"
          ]
        }
      ]
    },
    {
      "mode": "managed",
      "type": "google_compute_router",
      "name": "nat_router",
      "provider": "provider[\"registry.terraform.io/hashicorp/google\"]",
      "instances": [
        {
          "schema_version": 0,
          "attributes": {
            "bgp": [],
            "creation_timestamp": "2025-05-25T10:09:43.429-07:00",
            "description": "",
            "encrypted_interconnect_router": false,
            "id": "projects/elated-bus-460108-d0/regions/us-central1/routers/nat-router-un",
            "name": "nat-router-un",
            "network": "https://www.googleapis.com/compute/v1/projects/elated-bus-460108-d0/global/networks/lab2-vpc",
            "project": "elated-bus-460108-d0",
            "region": "us-central1",
            "self_link": "https://www.googleapis.com/compute/v1/projects/elated-bus-460108-d0/regions/us-central1/routers/nat-router-un",
            "timeouts": null
          },
          "sensitive_attributes": [],
          "identity_schema_version": 0,
          "private": "eyJlMmJmYjczMC1lY2FhLTExZTYtOGY4OC0zNDM2M2JjN2M0YzAiOnsiY3JlYXRlIjoxMjAwMDAwMDAwMDAwLCJkZWxldGUiOjEyMDAwMDAwMDAwMDAsInVwZGF0ZSI6MTIwMDAwMDAwMDAwMH19",
          "dependencies": [
            "data.google_compute_network.lab2_vpc"
          ]
        }
      ]
    },
    {
      "mode": "managed",
      "type": "google_compute_router_nat",
      "name": "nat_gateway",
      "provider": "provider[\"registry.terraform.io/hashicorp/google\"]",
      "instances": [
        {
          "schema_version": 0,
          "attributes": {
            "auto_network_tier": "PREMIUM",
            "drain_nat_ips": [],
            "enable_dynamic_port_allocation": false,
            "enable_endpoint_independent_mapping": false,
            "endpoint_types": [
              "ENDPOINT_TYPE_VM"
            ],
            "icmp_idle_timeout_sec": 30,
            "id": "elated-bus-460108-d0/us-central1/nat-router-un/nat-gateway-ak",
            "log_config": [],
            "max_ports_per_vm": 0,
            "min_ports_per_vm": 0,
            "name": "nat-gateway-ak",
            "nat_ip_allocate_option": "AUTO_ONLY",
            "nat_ips": [],
            "project": "elated-bus-460108-d0",
            "region": "us-central1",
            "router": "nat-router-un",
            "rules": [],
            "source_subnetwork_ip_ranges_to_nat": "LIST_OF_SUBNETWORKS",
            "subnetwork": [
              {
                "name": "https://www.googleapis.com/compute/v1/projects/elated-bus-460108-d0/regions/us-central1/subnetworks/management-subnet-ak",
                "secondary_ip_range_names": [],
                "source_ip_ranges_to_nat": [
                  "ALL_IP_RANGES"
                ]
              }
            ],
            "tcp_established_idle_timeout_sec": 1200,
            "tcp_time_wait_timeout_sec": 120,
            "tcp_transitory_idle_timeout_sec": 30,
            "timeouts": null,
            "udp_idle_timeout_sec": 30
          },
          "sensitive_attributes": [],
          "identity_schema_version": 0,
          "private": "eyJlMmJmYjczMC1lY2FhLTExZTYtOGY4OC0zNDM2M2JjN2M0YzAiOnsiY3JlYXRlIjoxMjAwMDAwMDAwMDAwLCJkZWxldGUiOjEyMDAwMDAwMDAwMDAsInVwZGF0ZSI6MTIwMDAwMDAwMDAwMH19",
          "dependencies": [
            "data.google_compute_network.lab2_vpc",
            "google_compute_router.nat_router",
            "google_compute_subnetwork.management"
          ]
        }
      ]
    },
    {
      "mode": "managed",
      "type": "google_compute_subnetwork",
      "name": "management",
      "provider": "provider[\"registry.terraform.io/hashicorp/google\"]",
      "instances": [
        {
          "schema_version": 0,
          "attributes": {
            "creation_timestamp": "2025-05-25T10:09:43.539-07:00",
            "description": "",
            "external_ipv6_prefix": "",
            "fingerprint": null,
            "gateway_address": "10.55.1.1",
            "id": "projects/elated-bus-460108-d0/regions/us-central1/subnetworks/management-subnet-ak",
            "internal_ipv6_prefix": "",
            "ip_cidr_range": "10.55.1.0/24",
            "ipv6_access_type": "",
            "ipv6_cidr_range": "",
            "log_config": [],
            "name": "management-subnet-ak",
            "network": "https://www.googleapis.com/compute/v1/projects/elated-bus-460108-d0/global/networks/lab2-vpc",
            "private_ip_google_access": false,
            "private_ipv6_google_access": "DISABLE_GOOGLE_ACCESS",
            "project": "elated-bus-460108-d0",
            "purpose": "PRIVATE",
            "region": "us-central1",
            "role": "",
            "secondary_ip_range": [],
            "self_link": "https://www.googleapis.com/compute/v1/projects/elated-bus-460108-d0/regions/us-central1/subnetworks/management-subnet-ak",
            "send_secondary_ip_range_if_empty": null,
            "stack_type": "IPV4_ONLY",
            "timeouts": null
          },
          "sensitive_attributes": [],
          "identity_schema_version": 0,
          "private": "eyJlMmJmYjczMC1lY2FhLTExZTYtOGY4OC0zNDM2M2JjN2M0YzAiOnsiY3JlYXRlIjoxMjAwMDAwMDAwMDAwLCJkZWxldGUiOjEyMDAwMDAwMDAwMDAsInVwZGF0ZSI6MTIwMDAwMDAwMDAwMH19",
          "dependencies": [
            "data.google_compute_network.lab2_vpc"
          ]
        }
      ]
    },
    {
      "mode": "managed",
      "type": "google_compute_subnetwork",
      "name": "restricted",
      "provider": "provider[\"registry.terraform.io/hashicorp/google\"]",
      "instances": [
        {
          "schema_version": 0,
          "attributes": {
            "creation_timestamp": "2025-05-25T10:09:43.030-07:00",
            "description": "",
            "external_ipv6_prefix": "",
            "fingerprint": null,
            "gateway_address": "10.66.3.1",
            "id": "projects/elated-bus-460108-d0/regions/us-central1/subnetworks/restricted-subnet-ak",
            "internal_ipv6_prefix": "",
            "ip_cidr_range": "10.66.3.0/24",
            "ipv6_access_type": "",
            "ipv6_cidr_range": "",
            "log_config": [],
            "name": "restricted-subnet-ak",
            "network": "https://www.googleapis.com/compute/v1/projects/elated-bus-460108-d0/global/networks/lab2-vpc",
            "private_ip_google_access": true,
            "private_ipv6_google_access": "DISABLE_GOOGLE_ACCESS",
            "project": "elated-bus-460108-d0",
            "purpose": "PRIVATE",
            "region": "us-central1",
            "role": "ACTIVE",
            "secondary_ip_range": [
              {
                "ip_cidr_range": "10.67.0.0/16",
                "range_name": "pods"
              },
              {
                "ip_cidr_range": "10.68.0.0/20",
                "range_name": "services"
              }
            ],
            "self_link": "https://www.googleapis.com/compute/v1/projects/elated-bus-460108-d0/regions/us-central1/subnetworks/restricted-subnet-ak",
            "send_secondary_ip_range_if_empty": null,
            "stack_type": "IPV4_ONLY",
            "timeouts": null
          },
          "sensitive_attributes": [],
          "identity_schema_version": 0,
          "private": "eyJlMmJmYjczMC1lY2FhLTExZTYtOGY4OC0zNDM2M2JjN2M0YzAiOnsiY3JlYXRlIjoxMjAwMDAwMDAwMDAwLCJkZWxldGUiOjEyMDAwMDAwMDAwMDAsInVwZGF0ZSI6MTIwMDAwMDAwMDAwMH19",
          "dependencies": [
            "data.google_compute_network.lab2_vpc"
          ]
        }
      ]
    },
    {
      "mode": "managed",
      "type": "google_container_cluster",
      "name": "primary",
      "provider": "provider[\"registry.terraform.io/hashicorp/google\"]",
      "instances": [
        {
          "schema_version": 2,
          "attributes": {
            "addons_config": [
              {
                "cloudrun_config": [],
                "config_connector_config": [],
                "dns_cache_config": [],
                "gce_persistent_disk_csi_driver_config": [
                  {
                    "enabled": true
                  }
                ],
                "gcp_filestore_csi_driver_config": [],
                "gcs_fuse_csi_driver_config": [],
                "gke_backup_agent_config": [],
                "horizontal_pod_autoscaling": [],
                "http_load_balancing": [],
                "network_policy_config": [
                  {
                    "disabled": true
                  }
                ],
                "ray_operator_config": [],
                "stateful_ha_config": []
              }
            ],
            "allow_net_admin": null,
            "authenticator_groups_config": [],
            "binary_authorization": [
              {
                "enabled": false,
                "evaluation_mode": ""
              }
            ],
            "cluster_autoscaling": [
              {
                "auto_provisioning_defaults": [],
                "auto_provisioning_locations": [],
                "autoscaling_profile": "BALANCED",
                "enabled": false,
                "resource_limits": []
              }
            ],
            "cluster_ipv4_cidr": "10.67.0.0/16",
            "confidential_nodes": [],
            "cost_management_config": [],
            "database_encryption": [
              {
                "key_name": "",
                "state": "DECRYPTED"
              }
            ],
            "datapath_provider": "",
            "default_max_pods_per_node": 110,
            "default_snat_status": [
              {
                "disabled": false
              }
            ],
            "deletion_protection": false,
            "description": "",
            "dns_config": [],
            "enable_autopilot": false,
            "enable_cilium_clusterwide_network_policy": false,
            "enable_intranode_visibility": false,
            "enable_k8s_beta_apis": [],
            "enable_kubernetes_alpha": false,
            "enable_l4_ilb_subsetting": false,
            "enable_legacy_abac": false,
            "enable_multi_networking": false,
            "enable_shielded_nodes": true,
            "enable_tpu": false,
            "endpoint": "172.16.1.2",
            "fleet": [],
            "gateway_api_config": [],
            "id": "projects/elated-bus-460108-d0/locations/us-central1-a/clusters/private-gke-cluster-ak",
            "identity_service_config": [],
            "initial_node_count": 1,
            "ip_allocation_policy": [
              {
                "additional_pod_ranges_config": [],
                "cluster_ipv4_cidr_block": "10.67.0.0/16",
                "cluster_secondary_range_name": "pods",
                "pod_cidr_overprovision_config": [
                  {
                    "disabled": false
                  }
                ],
                "services_ipv4_cidr_block": "10.68.0.0/20",
                "services_secondary_range_name": "services",
                "stack_type": "IPV4"
              }
            ],
            "label_fingerprint": "a9dc16a7",
            "location": "us-central1-a",
            "logging_config": [
              {
                "enable_components": [
                  "SYSTEM_COMPONENTS",
                  "WORKLOADS"
                ]
              }
            ],
            "logging_service": "logging.googleapis.com/kubernetes",
            "maintenance_policy": [],
            "master_auth": [
              {
                "client_certificate": "",
                "client_certificate_config": [
                  {
                    "issue_client_certificate": false
                  }
                ],
                "client_key": "",
                "cluster_ca_certificate": "LS0tLS1CRUdJTiBDRVJUSUZJQ0FURS0tLS0tCk1JSUVMRENDQXBTZ0F3SUJBZ0lRZXp0QkZwRmNCeWhwUWZXR3VIMWpYREFOQmdrcWhraUc5dzBCQVFzRkFEQXYKTVMwd0t3WURWUVFERXlRMk1EUmhaalU0WkMweE1EaGpMVFEwWkRJdFlUQmxPQzB6TjJGa1pUZ3lOalprTXpndwpJQmNOTWpVd05USTFNVFl6TXpFMFdoZ1BNakExTlRBMU1UZ3hOek16TVRSYU1DOHhMVEFyQmdOVkJBTVRKRFl3Ck5HRm1OVGhrTFRFd09HTXRORFJrTWkxaE1HVTRMVE0zWVdSbE9ESTJObVF6T0RDQ0FhSXdEUVlKS29aSWh2Y04KQVFFQkJRQURnZ0dQQURDQ0FZb0NnZ0dCQU02eUNCaEp1RHl4N29reDZWZ2gvR1RWZkJzM3h4UWZOOHVvcjgwNwptWDBCMWx5T3dwYmNnWVZUM2ZDVVRlcElHSTRzN1JzQlZBRUl1WWUvYXg3eWs5V1FXc2VsbGM0aDVqSWNXODRKCkZJZHFNTEhZc1dDSTBITUxOU2R4MnRTMy9BNUhMdUFDZWNXL0FVRGErZVc2dGJpWm9tby9Eb2Y4OHV5NUwzV2gKa0pRbU43YUFDWFczQ3lzLzkwUlVKL21DUVllOWZFUFNKeGMzakR5TDAraStZeUZrQkRya0VJY3NONTl2bnRrdgpVMkdZMFcwYXVDLzd2NWxLTENYMlhGU1FzbGw0SkFYTTNCcEdFL2NSUGVSWldPMnhUYXBqbExYOUxjeHE1UzhPCkFzbnFwV1U3UjkvK2RuWG9BQlprdFNLNnM2S3RUTlVtbUZLdFZLWCtVSjJnS3Q3c2g3SzZoUE9xWmhBaEgzeEsKbHJzRUpwWkF3V1JMbFpxd3pRT0RLZFEyN1hJRUJINytGK1lKNTVCUnQrZnNWSS9lZGlmNGRyOTgvYWFQbmRqRwpGTjQ2Q2hOYkNKaGo4akdFeVBmd0NHOUdrVjlRdVFleWVnajkwYTdkYVB0SG02T1lRMUtGYXB5R2JrMUdCczFYCjdjb3hTN2hUcEFMbGFDSS9VYTAvUGorSHl3SURBUUFCbzBJd1FEQU9CZ05WSFE4QkFmOEVCQU1DQWdRd0R3WUQKVlIwVEFRSC9CQVV3QXdFQi96QWRCZ05WSFE0RUZnUVVwa003Qy9UaG5KekEwcUp2Q0ovSWlyL1pmU0V3RFFZSgpLb1pJaHZjTkFRRUxCUUFEZ2dHQkFNRDE5QzBsZjlWcjcxTFdWaTBoOVlsblpWZDZMcnJTZmptbkFnUGRkT2VKCkZqQllaRVFZTnVSR0lYaDY3dHdSaVV1R2hTMzc2MS92eDZtRG01Sm9HLzZxZ0ZtQmxGeGI5UmUxckpoNk1aRmIKUGRPVzFSZWNCaTZBVUdPeTIycnlJL1lDem9nUG9JUzgvZ1J2M1E2aWhZZXdZeE5RdGg0d1RUdUdQUmtDaGp5bwpnODNQOGVrT0R4MXFYb2xUQ2kxcW8rVEpENDVVdnhTVGxBTG5hczI4REpxdWJWQ0ZpMy9RUmg3SWRPNnZNbGZKCi9kT0RXQXRkYVNyalp3Q1NMQjJZU3AyNHpNLysyaEhSMEpIMEpIRm4rYTFOSlkxSmN0UnhTNzVyZVAwYXhEMHMKYWhJcHhqSUdqK0M4b0grRlBqMUROSkdLOCtjOW1HVFYyTndjK1NybjBtT25FM1E5cEJOOU9IY3UzNGxVYTF0dwpZRmdqYjhvSzNSLzBOMERCdXVBL0RTalJXYUpsQkYrQVBtdGlBMFhNY2NRVml5WTJMYWowa0tTWERsQm5neSt5CkJXSmF3MUpaOUdIYzlxVWNtcFM5d1NDMTI4YXpmaU1WMGRTdGtUQVZZNC9ubmtGMSs2L0Q3cVAyMzZWWURpQmEKNWJLOFRNTDE4ZEpVT0g5UDRJOTFGQT09Ci0tLS0tRU5EIENFUlRJRklDQVRFLS0tLS0K"
              }
            ],
            "master_authorized_networks_config": [
              {
                "cidr_blocks": [
                  {
                    "cidr_block": "10.10.1.0/24",
                    "display_name": "management-subnet"
                  }
                ],
                "gcp_public_cidrs_access_enabled": false
              }
            ],
            "master_version": "1.32.3-gke.1927009",
            "mesh_certificates": [],
            "min_master_version": null,
            "monitoring_config": [
              {
                "advanced_datapath_observability_config": [
                  {
                    "enable_metrics": false,
                    "enable_relay": false,
                    "relay_mode": "DISABLED"
                  }
                ],
                "enable_components": [
                  "SYSTEM_COMPONENTS",
                  "JOBSET",
                  "STORAGE",
                  "HPA",
                  "POD",
                  "DAEMONSET",
                  "DEPLOYMENT",
                  "STATEFULSET",
                  "CADVISOR",
                  "KUBELET",
                  "DCGM"
                ],
                "managed_prometheus": [
                  {
                    "enabled": true
                  }
                ]
              }
            ],
            "monitoring_service": "monitoring.googleapis.com/kubernetes",
            "name": "private-gke-cluster-ak",
            "network": "projects/elated-bus-460108-d0/global/networks/lab2-vpc",
            "network_policy": [
              {
                "enabled": false,
                "provider": "PROVIDER_UNSPECIFIED"
              }
            ],
            "networking_mode": "VPC_NATIVE",
            "node_config": [],
            "node_locations": [],
            "node_pool": [],
            "node_pool_auto_config": [
              {
                "network_tags": [],
                "node_kubelet_config": [
                  {
                    "insecure_kubelet_readonly_port_enabled": "FALSE"
                  }
                ],
                "resource_manager_tags": {}
              }
            ],
            "node_pool_defaults": [
              {
                "node_config_defaults": [
                  {
                    "containerd_config": [],
                    "insecure_kubelet_readonly_port_enabled": "FALSE",
                    "logging_variant": "DEFAULT"
                  }
                ]
              }
            ],
            "node_version": "1.32.3-gke.1927009",
            "notification_config": [
              {
                "pubsub": [
                  {
                    "enabled": false,
                    "filter": [],
                    "topic": ""
                  }
                ]
              }
            ],
            "operation": null,
            "private_cluster_config": [
              {
                "enable_private_endpoint": true,
                "enable_private_nodes": true,
                "master_global_access_config": [
                  {
                    "enabled": false
                  }
                ],
                "master_ipv4_cidr_block": "172.16.1.0/28",
                "peering_name": "",
                "private_endpoint": "172.16.1.2",
                "private_endpoint_subnetwork": "",
                "public_endpoint": "34.55.204.194"
              }
            ],
            "private_ipv6_google_access": "",
            "project": "elated-bus-460108-d0",
            "release_channel": [
              {
                "channel": "REGULAR"
              }
            ],
            "remove_default_node_pool": true,
            "resource_labels": {},
            "resource_usage_export_config": [],
            "security_posture_config": [
              {
                "mode": "BASIC",
                "vulnerability_mode": "VULNERABILITY_MODE_UNSPECIFIED"
              }
            ],
            "self_link": "https://container.googleapis.com/v1/projects/elated-bus-460108-d0/zones/us-central1-a/clusters/private-gke-cluster-ak",
            "service_external_ips_config": [
              {
                "enabled": false
              }
            ],
            "services_ipv4_cidr": "10.68.0.0/20",
            "subnetwork": "projects/elated-bus-460108-d0/regions/us-central1/subnetworks/restricted-subnet-ak",
            "timeouts": null,
            "tpu_ipv4_cidr_block": "",
            "vertical_pod_autoscaling": [],
            "workload_identity_config": [
              {
                "workload_pool": "elated-bus-460108-d0.svc.id.goog"
              }
            ]
          },
          "sensitive_attributes": [
            [
              {
                "type": "get_attr",
                "value": "master_auth"
              },
              {
                "type": "index",
                "value": {
                  "value": 0,
                  "type": "number"
                }
              },
              {
                "type": "get_attr",
                "value": "client_key"
              }
            ]
          ],
          "identity_schema_version": 0,
          "private": "eyJlMmJmYjczMC1lY2FhLTExZTYtOGY4OC0zNDM2M2JjN2M0YzAiOnsiY3JlYXRlIjoyNDAwMDAwMDAwMDAwLCJkZWxldGUiOjI0MDAwMDAwMDAwMDAsInJlYWQiOjI0MDAwMDAwMDAwMDAsInVwZGF0ZSI6MzYwMDAwMDAwMDAwMH0sInNjaGVtYV92ZXJzaW9uIjoiMiJ9",
          "dependencies": [
            "data.google_compute_network.lab2_vpc",
            "google_compute_subnetwork.restricted",
            "google_project_service.services"
          ]
        }
      ]
    },
    {
      "mode": "managed",
      "type": "google_container_node_pool",
      "name": "primary_nodes",
      "provider": "provider[\"registry.terraform.io/hashicorp/google\"]",
      "instances": [
        {
          "status": "tainted",
          "schema_version": 1,
          "attributes": {
            "autoscaling": [],
            "cluster": "private-gke-cluster-ak",
            "id": "projects/elated-bus-460108-d0/locations/us-central1/clusters/private-gke-cluster-ak/nodePools/primary-node-pool-ak",
            "initial_node_count": null,
            "instance_group_urls": null,
            "location": "us-central1",
            "managed_instance_group_urls": null,
            "management": null,
            "max_pods_per_node": null,
            "name": "primary-node-pool-ak",
            "name_prefix": null,
            "network_config": null,
            "node_config": [
              {
                "advanced_machine_features": [],
                "boot_disk_kms_key": "",
                "confidential_nodes": [],
                "containerd_config": [],
                "disk_size_gb": 10,
                "disk_type": "pd-standard",
                "effective_taints": [],
                "enable_confidential_storage": false,
                "ephemeral_storage_local_ssd_config": [],
                "fast_socket": [],
                "gcfs_config": [],
                "guest_accelerator": [],
                "gvnic": [],
                "host_maintenance_policy": [],
                "image_type": "",
                "kubelet_config": [],
                "labels": {},
                "linux_node_config": [],
                "local_nvme_ssd_block_config": [],
                "local_ssd_count": 0,
                "logging_variant": "",
                "machine_type": "e2-medium",
                "metadata": {},
                "min_cpu_platform": "",
                "node_group": "",
                "oauth_scopes": [
                  "https://www.googleapis.com/auth/cloud-platform"
                ],
                "preemptible": false,
                "reservation_affinity": [],
                "resource_labels": null,
                "resource_manager_tags": null,
                "secondary_boot_disks": [],
                "service_account": "gke-nodes-sa@elated-bus-460108-d0.iam.gserviceaccount.com",
                "shielded_instance_config": [],
                "sole_tenant_config": [],
                "spot": false,
                "tags": null,
                "taint": [],
                "workload_metadata_config": []
              }
            ],
            "node_count": 1,
            "node_locations": [],
            "operation": null,
            "placement_policy": [],
            "project": "elated-bus-460108-d0",
            "queued_provisioning": [],
            "timeouts": null,
            "upgrade_settings": null,
            "version": null
          },
          "sensitive_attributes": [],
          "identity_schema_version": 0,
          "private": "eyJlMmJmYjczMC1lY2FhLTExZTYtOGY4OC0zNDM2M2JjN2M0YzAiOnsiY3JlYXRlIjoxODAwMDAwMDAwMDAwLCJkZWxldGUiOjE4MDAwMDAwMDAwMDAsInVwZGF0ZSI6MTgwMDAwMDAwMDAwMH0sInNjaGVtYV92ZXJzaW9uIjoiMSJ9",
          "dependencies": [
            "data.google_compute_network.lab2_vpc",
            "google_compute_subnetwork.restricted",
            "google_container_cluster.primary",
            "google_project_service.services",
            "google_service_account.gke_nodes"
          ]
        }
      ]
    },
    {
      "mode": "managed",
      "type": "google_project_iam_member",
      "name": "artifact_registry_reader",
      "provider": "provider[\"registry.terraform.io/hashicorp/google\"]",
      "instances": [
        {
          "schema_version": 0,
          "attributes": {
            "condition": [],
            "etag": "BwY1+U3jwbw=",
            "id": "elated-bus-460108-d0/roles/artifactregistry.reader/serviceAccount:gke-nodes-sa@elated-bus-460108-d0.iam.gserviceaccount.com",
            "member": "serviceAccount:gke-nodes-sa@elated-bus-460108-d0.iam.gserviceaccount.com",
            "project": "elated-bus-460108-d0",
            "role": "roles/artifactregistry.reader"
          },
          "sensitive_attributes": [],
          "identity_schema_version": 0,
          "private": "bnVsbA==",
          "dependencies": [
            "google_service_account.gke_nodes"
          ]
        }
      ]
    },
    {
      "mode": "managed",
      "type": "google_project_service",
      "name": "services",
      "provider": "provider[\"registry.terraform.io/hashicorp/google\"]",
      "instances": [
        {
          "index_key": "artifactregistry.googleapis.com",
          "schema_version": 0,
          "attributes": {
            "disable_dependent_services": null,
            "disable_on_destroy": true,
            "id": "elated-bus-460108-d0/artifactregistry.googleapis.com",
            "project": "elated-bus-460108-d0",
            "service": "artifactregistry.googleapis.com",
            "timeouts": null
          },
          "sensitive_attributes": [],
          "identity_schema_version": 0,
          "private": "eyJlMmJmYjczMC1lY2FhLTExZTYtOGY4OC0zNDM2M2JjN2M0YzAiOnsiY3JlYXRlIjoxMjAwMDAwMDAwMDAwLCJkZWxldGUiOjEyMDAwMDAwMDAwMDAsInJlYWQiOjYwMDAwMDAwMDAwMCwidXBkYXRlIjoxMjAwMDAwMDAwMDAwfX0="
        },
        {
          "index_key": "cloudresourcemanager.googleapis.com",
          "schema_version": 0,
          "attributes": {
            "disable_dependent_services": null,
            "disable_on_destroy": true,
            "id": "elated-bus-460108-d0/cloudresourcemanager.googleapis.com",
            "project": "elated-bus-460108-d0",
            "service": "cloudresourcemanager.googleapis.com",
            "timeouts": null
          },
          "sensitive_attributes": [],
          "identity_schema_version": 0,
          "private": "eyJlMmJmYjczMC1lY2FhLTExZTYtOGY4OC0zNDM2M2JjN2M0YzAiOnsiY3JlYXRlIjoxMjAwMDAwMDAwMDAwLCJkZWxldGUiOjEyMDAwMDAwMDAwMDAsInJlYWQiOjYwMDAwMDAwMDAwMCwidXBkYXRlIjoxMjAwMDAwMDAwMDAwfX0="
        },
        {
          "index_key": "compute.googleapis.com",
          "schema_version": 0,
          "attributes": {
            "disable_dependent_services": null,
            "disable_on_destroy": true,
            "id": "elated-bus-460108-d0/compute.googleapis.com",
            "project": "elated-bus-460108-d0",
            "service": "compute.googleapis.com",
            "timeouts": null
          },
          "sensitive_attributes": [],
          "identity_schema_version": 0,
          "private": "eyJlMmJmYjczMC1lY2FhLTExZTYtOGY4OC0zNDM2M2JjN2M0YzAiOnsiY3JlYXRlIjoxMjAwMDAwMDAwMDAwLCJkZWxldGUiOjEyMDAwMDAwMDAwMDAsInJlYWQiOjYwMDAwMDAwMDAwMCwidXBkYXRlIjoxMjAwMDAwMDAwMDAwfX0="
        },
        {
          "index_key": "container.googleapis.com",
          "schema_version": 0,
          "attributes": {
            "disable_dependent_services": null,
            "disable_on_destroy": true,
            "id": "elated-bus-460108-d0/container.googleapis.com",
            "project": "elated-bus-460108-d0",
            "service": "container.googleapis.com",
            "timeouts": null
          },
          "sensitive_attributes": [],
          "identity_schema_version": 0,
          "private": "eyJlMmJmYjczMC1lY2FhLTExZTYtOGY4OC0zNDM2M2JjN2M0YzAiOnsiY3JlYXRlIjoxMjAwMDAwMDAwMDAwLCJkZWxldGUiOjEyMDAwMDAwMDAwMDAsInJlYWQiOjYwMDAwMDAwMDAwMCwidXBkYXRlIjoxMjAwMDAwMDAwMDAwfX0="
        },
        {
          "index_key": "iam.googleapis.com",
          "schema_version": 0,
          "attributes": {
            "disable_dependent_services": null,
            "disable_on_destroy": true,
            "id": "elated-bus-460108-d0/iam.googleapis.com",
            "project": "elated-bus-460108-d0",
            "service": "iam.googleapis.com",
            "timeouts": null
          },
          "sensitive_attributes": [],
          "identity_schema_version": 0,
          "private": "eyJlMmJmYjczMC1lY2FhLTExZTYtOGY4OC0zNDM2M2JjN2M0YzAiOnsiY3JlYXRlIjoxMjAwMDAwMDAwMDAwLCJkZWxldGUiOjEyMDAwMDAwMDAwMDAsInJlYWQiOjYwMDAwMDAwMDAwMCwidXBkYXRlIjoxMjAwMDAwMDAwMDAwfX0="
        }
      ]
    },
    {
      "mode": "managed",
      "type": "google_service_account",
      "name": "gke_nodes",
      "provider": "provider[\"registry.terraform.io/hashicorp/google\"]",
      "instances": [
        {
          "schema_version": 0,
          "attributes": {
            "account_id": "gke-nodes-sa",
            "create_ignore_already_exists": null,
            "description": "",
            "disabled": false,
            "display_name": "GKE Nodes Service Account",
            "email": "gke-nodes-sa@elated-bus-460108-d0.iam.gserviceaccount.com",
            "id": "projects/elated-bus-460108-d0/serviceAccounts/gke-nodes-sa@elated-bus-460108-d0.iam.gserviceaccount.com",
            "member": "serviceAccount:gke-nodes-sa@elated-bus-460108-d0.iam.gserviceaccount.com",
            "name": "projects/elated-bus-460108-d0/serviceAccounts/gke-nodes-sa@elated-bus-460108-d0.iam.gserviceaccount.com",
            "project": "elated-bus-460108-d0",
            "timeouts": null,
            "unique_id": "102777299538756574309"
          },
          "sensitive_attributes": [],
          "identity_schema_version": 0,
          "private": "eyJlMmJmYjczMC1lY2FhLTExZTYtOGY4OC0zNDM2M2JjN2M0YzAiOnsiY3JlYXRlIjozMDAwMDAwMDAwMDB9fQ=="
        }
      ]
    }
  ],
  "check_results": null
}
